
Microsoft Visual Studio Solution File, Format Version 12.00
# Visual Studio Version 17
VisualStudioVersion = 17.11.35219.272
MinimumVisualStudioVersion = 10.0.40219.1
Project("{FAE04EC0-301F-11D3-BF4B-00C04F79EFBC}") = "RYMApi", "RYMApi\RYMApi.csproj", "{106F2558-9B03-4796-A5AD-0861053FCE74}"
EndProject
Global
	GlobalSection(SolutionConfigurationPlatforms) = preSolution
		Debug|Any CPU = Debug|Any CPU
		Release|Any CPU = Release|Any CPU
	EndGlobalSection
	GlobalSection(ProjectConfigurationPlatforms) = postSolution
		{106F2558-9B03-4796-A5AD-0861053FCE74}.Debug|Any CPU.ActiveCfg = Debug|Any CPU
		{106F2558-9B03-4796-A5AD-0861053FCE74}.Debug|Any CPU.Build.0 = Debug|Any CPU
		{106F2558-9B03-4796-A5AD-0861053FCE74}.Release|Any CPU.ActiveCfg = Release|Any CPU
		{106F2558-9B03-4796-A5AD-0861053FCE74}.Release|Any CPU.Build.0 = Release|Any CPU
	EndGlobalSection
	GlobalSection(SolutionProperties) = preSolution
		HideSolutionNode = FALSE
	EndGlobalSection
	GlobalSection(ExtensibilityGlobals) = postSolution
		SolutionGuid = {7BA933D2-FBE1-4894-96C1-6EC7F0BFD347}
	EndGlobalSection
EndGlobal
